
Microsoft Visual Studio Solution File, Format Version 12.00
# Visual Studio Version 17
VisualStudioVersion = 17.4.33205.214
MinimumVisualStudioVersion = 10.0.40219.1
Project("{9A19103F-16F7-4668-BE54-9A1E7A4F7556}") = "luftbornCodeTestAPI", "luftbornCodeTestAPI.csproj", "{7AE8AFB5-CBA8-4211-8E1F-187000AE29CB}"
EndProject
Project("{9A19103F-16F7-4668-BE54-9A1E7A4F7556}") = "Core", "..\Core\Core.csproj", "{7D4CFA6C-C478-4DAE-9755-A8FEF6ACD181}"
EndProject
Project("{9A19103F-16F7-4668-BE54-9A1E7A4F7556}") = "Infrastructure", "..\Infrastructure\Infrastructure.csproj", "{01961BA4-F269-4082-86A2-C9CBFBD6F02A}"
EndProject
Global
	GlobalSection(SolutionConfigurationPlatforms) = preSolution
		Debug|Any CPU = Debug|Any CPU
		Release|Any CPU = Release|Any CPU
	EndGlobalSection
	GlobalSection(ProjectConfigurationPlatforms) = postSolution
		{7AE8AFB5-CBA8-4211-8E1F-187000AE29CB}.Debug|Any CPU.ActiveCfg = Debug|Any CPU
		{7AE8AFB5-CBA8-4211-8E1F-187000AE29CB}.Debug|Any CPU.Build.0 = Debug|Any CPU
		{7AE8AFB5-CBA8-4211-8E1F-187000AE29CB}.Release|Any CPU.ActiveCfg = Release|Any CPU
		{7AE8AFB5-CBA8-4211-8E1F-187000AE29CB}.Release|Any CPU.Build.0 = Release|Any CPU
		{7D4CFA6C-C478-4DAE-9755-A8FEF6ACD181}.Debug|Any CPU.ActiveCfg = Debug|Any CPU
		{7D4CFA6C-C478-4DAE-9755-A8FEF6ACD181}.Debug|Any CPU.Build.0 = Debug|Any CPU
		{7D4CFA6C-C478-4DAE-9755-A8FEF6ACD181}.Release|Any CPU.ActiveCfg = Release|Any CPU
		{7D4CFA6C-C478-4DAE-9755-A8FEF6ACD181}.Release|Any CPU.Build.0 = Release|Any CPU
		{01961BA4-F269-4082-86A2-C9CBFBD6F02A}.Debug|Any CPU.ActiveCfg = Debug|Any CPU
		{01961BA4-F269-4082-86A2-C9CBFBD6F02A}.Debug|Any CPU.Build.0 = Debug|Any CPU
		{01961BA4-F269-4082-86A2-C9CBFBD6F02A}.Release|Any CPU.ActiveCfg = Release|Any CPU
		{01961BA4-F269-4082-86A2-C9CBFBD6F02A}.Release|Any CPU.Build.0 = Release|Any CPU
	EndGlobalSection
	GlobalSection(SolutionProperties) = preSolution
		HideSolutionNode = FALSE
	EndGlobalSection
	GlobalSection(ExtensibilityGlobals) = postSolution
		SolutionGuid = {52E6D5EA-6151-43C8-9B26-33AE3757E9BF}
	EndGlobalSection
EndGlobal
